
Microsoft Visual Studio Solution File, Format Version 12.00
# Visual Studio Version 17
VisualStudioVersion = 17.4.33213.308
MinimumVisualStudioVersion = 10.0.40219.1
Project("{FAE04EC0-301F-11D3-BF4B-00C04F79EFBC}") = "coqueiros-modulo1-semana10-exercicio", "coqueiros-modulo1-semana10-exercicio\coqueiros-modulo1-semana10-exercicio.csproj", "{23CF4AC3-D5C1-4A13-8A5C-4FBC7967BF3A}"
EndProject
Global
	GlobalSection(SolutionConfigurationPlatforms) = preSolution
		Debug|Any CPU = Debug|Any CPU
		Release|Any CPU = Release|Any CPU
	EndGlobalSection
	GlobalSection(ProjectConfigurationPlatforms) = postSolution
		{23CF4AC3-D5C1-4A13-8A5C-4FBC7967BF3A}.Debug|Any CPU.ActiveCfg = Debug|Any CPU
		{23CF4AC3-D5C1-4A13-8A5C-4FBC7967BF3A}.Debug|Any CPU.Build.0 = Debug|Any CPU
		{23CF4AC3-D5C1-4A13-8A5C-4FBC7967BF3A}.Release|Any CPU.ActiveCfg = Release|Any CPU
		{23CF4AC3-D5C1-4A13-8A5C-4FBC7967BF3A}.Release|Any CPU.Build.0 = Release|Any CPU
	EndGlobalSection
	GlobalSection(SolutionProperties) = preSolution
		HideSolutionNode = FALSE
	EndGlobalSection
	GlobalSection(ExtensibilityGlobals) = postSolution
		SolutionGuid = {BB9E1242-5EC3-4FA6-9B61-A464DB7E7A6C}
	EndGlobalSection
EndGlobal
