
Microsoft Visual Studio Solution File, Format Version 12.00
# Visual Studio Version 17
VisualStudioVersion = 17.4.33213.308
MinimumVisualStudioVersion = 10.0.40219.1
Project("{FAE04EC0-301F-11D3-BF4B-00C04F79EFBC}") = "MedicalTech", "MedicalTech\MedicalTech.csproj", "{394089E0-56C1-4330-B233-4C8CF2CB0E51}"
EndProject
Global
	GlobalSection(SolutionConfigurationPlatforms) = preSolution
		Debug|Any CPU = Debug|Any CPU
		Release|Any CPU = Release|Any CPU
	EndGlobalSection
	GlobalSection(ProjectConfigurationPlatforms) = postSolution
		{394089E0-56C1-4330-B233-4C8CF2CB0E51}.Debug|Any CPU.ActiveCfg = Debug|Any CPU
		{394089E0-56C1-4330-B233-4C8CF2CB0E51}.Debug|Any CPU.Build.0 = Debug|Any CPU
		{394089E0-56C1-4330-B233-4C8CF2CB0E51}.Release|Any CPU.ActiveCfg = Release|Any CPU
		{394089E0-56C1-4330-B233-4C8CF2CB0E51}.Release|Any CPU.Build.0 = Release|Any CPU
	EndGlobalSection
	GlobalSection(SolutionProperties) = preSolution
		HideSolutionNode = FALSE
	EndGlobalSection
	GlobalSection(ExtensibilityGlobals) = postSolution
		SolutionGuid = {4ADA8614-5207-4878-BAF5-E5DBFDBB96EE}
	EndGlobalSection
EndGlobal
